
Microsoft Visual Studio Solution File, Format Version 12.00
# Visual Studio Version 16
VisualStudioVersion = 16.0.31205.134
MinimumVisualStudioVersion = 10.0.40219.1
Project("{FAE04EC0-301F-11D3-BF4B-00C04F79EFBC}") = "Final Year Project", "Final Year Project.csproj", "{314620D1-9DC8-4A74-85AC-A3A35ADE0F07}"
EndProject
Global
	GlobalSection(SolutionConfigurationPlatforms) = preSolution
		Debug|Any CPU = Debug|Any CPU
		Release|Any CPU = Release|Any CPU
	EndGlobalSection
	GlobalSection(ProjectConfigurationPlatforms) = postSolution
		{314620D1-9DC8-4A74-85AC-A3A35ADE0F07}.Debug|Any CPU.ActiveCfg = Debug|Any CPU
		{314620D1-9DC8-4A74-85AC-A3A35ADE0F07}.Debug|Any CPU.Build.0 = Debug|Any CPU
		{314620D1-9DC8-4A74-85AC-A3A35ADE0F07}.Release|Any CPU.ActiveCfg = Release|Any CPU
		{314620D1-9DC8-4A74-85AC-A3A35ADE0F07}.Release|Any CPU.Build.0 = Release|Any CPU
	EndGlobalSection
	GlobalSection(SolutionProperties) = preSolution
		HideSolutionNode = FALSE
	EndGlobalSection
	GlobalSection(ExtensibilityGlobals) = postSolution
		SolutionGuid = {DF535F98-F74F-4F38-A5A3-978CA4278CE7}
	EndGlobalSection
EndGlobal
